
Microsoft Visual Studio Solution File, Format Version 12.00
# Visual Studio Version 17
VisualStudioVersion = 17.12.35527.113 d17.12
MinimumVisualStudioVersion = 10.0.40219.1
Project("{FAE04EC0-301F-11D3-BF4B-00C04F79EFBC}") = "RM554456", "RM554456.csproj", "{B55C3D0A-E8A1-430B-AC16-FD9E0215CA80}"
EndProject
Global
	GlobalSection(SolutionConfigurationPlatforms) = preSolution
		Debug|Any CPU = Debug|Any CPU
		Release|Any CPU = Release|Any CPU
	EndGlobalSection
	GlobalSection(ProjectConfigurationPlatforms) = postSolution
		{B55C3D0A-E8A1-430B-AC16-FD9E0215CA80}.Debug|Any CPU.ActiveCfg = Debug|Any CPU
		{B55C3D0A-E8A1-430B-AC16-FD9E0215CA80}.Debug|Any CPU.Build.0 = Debug|Any CPU
		{B55C3D0A-E8A1-430B-AC16-FD9E0215CA80}.Release|Any CPU.ActiveCfg = Release|Any CPU
		{B55C3D0A-E8A1-430B-AC16-FD9E0215CA80}.Release|Any CPU.Build.0 = Release|Any CPU
	EndGlobalSection
	GlobalSection(SolutionProperties) = preSolution
		HideSolutionNode = FALSE
	EndGlobalSection
EndGlobal
